{
  "name": "dji-waypoints-heights",
  "version": "1.0.0",
  "lockfileVersion": 3,
  "requires": true,
  "packages": {
    "": {
      "name": "dji-waypoints-heights",
      "version": "1.0.0",
      "dependencies": {
        "laz-perf": "^0.0.7"
      },
      "engines": {
        "node": ">=20"
      }
    },
    "node_modules/laz-perf": {
      "version": "0.0.7",
      "resolved": "https://registry.npmjs.org/laz-perf/-/laz-perf-0.0.7.tgz",
      "integrity": "sha512-2xRqm/f/2UqDS5qqkjOyDb6uVIjkVw6SGmQlMoTQliVWkZhPfIbUJTubUl3mTloaWqKcjlS/urmP1CYoxelsEg==",
      "license": "Apache-2.0"
    }
  }
}
